
Microsoft Visual Studio Solution File, Format Version 12.00
# Visual Studio Version 17
VisualStudioVersion = 17.11.35219.272
MinimumVisualStudioVersion = 10.0.40219.1
Project("{FAE04EC0-301F-11D3-BF4B-00C04F79EFBC}") = "AracKiralama", "AracKiralama.csproj", "{8A0AD9D4-D7C2-43D5-9857-E89B9C25544D}"
EndProject
Global
	GlobalSection(SolutionConfigurationPlatforms) = preSolution
		Debug|Any CPU = Debug|Any CPU
		Release|Any CPU = Release|Any CPU
	EndGlobalSection
	GlobalSection(ProjectConfigurationPlatforms) = postSolution
		{8A0AD9D4-D7C2-43D5-9857-E89B9C25544D}.Debug|Any CPU.ActiveCfg = Debug|Any CPU
		{8A0AD9D4-D7C2-43D5-9857-E89B9C25544D}.Debug|Any CPU.Build.0 = Debug|Any CPU
		{8A0AD9D4-D7C2-43D5-9857-E89B9C25544D}.Release|Any CPU.ActiveCfg = Release|Any CPU
		{8A0AD9D4-D7C2-43D5-9857-E89B9C25544D}.Release|Any CPU.Build.0 = Release|Any CPU
	EndGlobalSection
	GlobalSection(SolutionProperties) = preSolution
		HideSolutionNode = FALSE
	EndGlobalSection
	GlobalSection(ExtensibilityGlobals) = postSolution
		SolutionGuid = {0158E4CF-9ED7-4126-B728-D7BA2B3CADA8}
	EndGlobalSection
EndGlobal
